Microsoft Visual Studio Solution File, Format Version 11.00
# Visual C++ Express 2010
Project("{8BC9CEB8-8B4A-11D0-8D11-00A0C91BC942}") = "Soar-SC", "Soar-SC\Soar-SC.vcxproj", "{88F37AD3-7BC9-4202-B132-0F546EF424C7}"
EndProject
Project("{8BC9CEB8-8B4A-11D0-8D11-00A0C91BC942}") = "AIModuleLoader", "AIModuleLoader\AIModuleLoader.vcxproj", "{2E81042D-3CDC-45E0-9F3C-0AC5F435E126}"
EndProject
Project("{8BC9CEB8-8B4A-11D0-8D11-00A0C91BC942}") = "Soar-SC-No-Dependencies", "Soar-SC-No-Dependencies\Soar-SC-No-Dependencies.vcxproj", "{404B71ED-DA14-4651-A136-849091695669}"
EndProject
Project("{8BC9CEB8-8B4A-11D0-8D11-00A0C91BC942}") = "Soar-SC-Rectilinear", "Soar-SC-Rectilinear\Soar-SC-Rectilinear.vcxproj", "{1633B4D4-45A7-4442-9FE3-1571B0CBD165}"
EndProject
Project("{8BC9CEB8-8B4A-11D0-8D11-00A0C91BC942}") = "Soar-Console-Input", "Soar-Console-Input\Soar-Console-Input.vcxproj", "{3821F76E-686D-4547-9EF8-AA17D257C07B}"
EndProject
Project("{8BC9CEB8-8B4A-11D0-8D11-00A0C91BC942}") = "SVS_Grid_Filter_Test_App", "SVS_Grid_Filter_Test_App\SVS_Grid_Filter_Test_App.vcxproj", "{F75F097B-EDE3-4DC5-9B07-396DACD91C00}"
EndProject
Global
	GlobalSection(SolutionConfigurationPlatforms) = preSolution
		Debug|Win32 = Debug|Win32
		Release|Win32 = Release|Win32
	EndGlobalSection
	GlobalSection(ProjectConfigurationPlatforms) = postSolution
		{88F37AD3-7BC9-4202-B132-0F546EF424C7}.Debug|Win32.ActiveCfg = Debug|Win32
		{88F37AD3-7BC9-4202-B132-0F546EF424C7}.Debug|Win32.Build.0 = Debug|Win32
		{88F37AD3-7BC9-4202-B132-0F546EF424C7}.Release|Win32.ActiveCfg = Release|Win32
		{88F37AD3-7BC9-4202-B132-0F546EF424C7}.Release|Win32.Build.0 = Release|Win32
		{2E81042D-3CDC-45E0-9F3C-0AC5F435E126}.Debug|Win32.ActiveCfg = Debug|Win32
		{2E81042D-3CDC-45E0-9F3C-0AC5F435E126}.Debug|Win32.Build.0 = Debug|Win32
		{2E81042D-3CDC-45E0-9F3C-0AC5F435E126}.Release|Win32.ActiveCfg = Release|Win32
		{2E81042D-3CDC-45E0-9F3C-0AC5F435E126}.Release|Win32.Build.0 = Release|Win32
		{404B71ED-DA14-4651-A136-849091695669}.Debug|Win32.ActiveCfg = Debug|Win32
		{404B71ED-DA14-4651-A136-849091695669}.Debug|Win32.Build.0 = Debug|Win32
		{404B71ED-DA14-4651-A136-849091695669}.Release|Win32.ActiveCfg = Release|Win32
		{404B71ED-DA14-4651-A136-849091695669}.Release|Win32.Build.0 = Release|Win32
		{1633B4D4-45A7-4442-9FE3-1571B0CBD165}.Debug|Win32.ActiveCfg = Debug|Win32
		{1633B4D4-45A7-4442-9FE3-1571B0CBD165}.Debug|Win32.Build.0 = Debug|Win32
		{1633B4D4-45A7-4442-9FE3-1571B0CBD165}.Release|Win32.ActiveCfg = Release|Win32
		{1633B4D4-45A7-4442-9FE3-1571B0CBD165}.Release|Win32.Build.0 = Release|Win32
		{3821F76E-686D-4547-9EF8-AA17D257C07B}.Debug|Win32.ActiveCfg = Debug|Win32
		{3821F76E-686D-4547-9EF8-AA17D257C07B}.Debug|Win32.Build.0 = Debug|Win32
		{3821F76E-686D-4547-9EF8-AA17D257C07B}.Release|Win32.ActiveCfg = Release|Win32
		{3821F76E-686D-4547-9EF8-AA17D257C07B}.Release|Win32.Build.0 = Release|Win32
		{F75F097B-EDE3-4DC5-9B07-396DACD91C00}.Debug|Win32.ActiveCfg = Debug|Win32
		{F75F097B-EDE3-4DC5-9B07-396DACD91C00}.Debug|Win32.Build.0 = Debug|Win32
		{F75F097B-EDE3-4DC5-9B07-396DACD91C00}.Release|Win32.ActiveCfg = Release|Win32
		{F75F097B-EDE3-4DC5-9B07-396DACD91C00}.Release|Win32.Build.0 = Release|Win32
	EndGlobalSection
	GlobalSection(SolutionProperties) = preSolution
		HideSolutionNode = FALSE
	EndGlobalSection
EndGlobal
