<?xml version="1.0" encoding="utf-8"?>
<Project ToolsVersion="4.0" xmlns="http://schemas.microsoft.com/developer/msbuild/2003">
  <ItemGroup>
    <Filter Include="Source Files">
      <UniqueIdentifier>{4FC737F1-C7A5-4376-A066-2A32D752A2FF}</UniqueIdentifier>
      <Extensions>cpp;c;cc;cxx;def;odl;idl;hpj;bat;asm;asmx</Extensions>
    </Filter>
    <Filter Include="Header Files">
      <UniqueIdentifier>{93995380-89BD-4b04-88EB-625FBE52EBFB}</UniqueIdentifier>
      <Extensions>h;hpp;hxx;hm;inl;inc;xsd</Extensions>
    </Filter>
    <Filter Include="Resource Files">
      <UniqueIdentifier>{67DA6AB6-F800-4c08-8B7A-83BB121AAD01}</UniqueIdentifier>
      <Extensions>rc;ico;cur;bmp;dlg;rc2;rct;bin;rgs;gif;jpg;jpeg;jpe;resx;tiff;tif;png;wav;mfcribbon-ms</Extensions>
    </Filter>
    <Filter Include="Test Maps">
      <UniqueIdentifier>{197902c7-d569-4815-bf4b-cdcb36e99875}</UniqueIdentifier>
    </Filter>
    <Filter Include="SDL">
      <UniqueIdentifier>{21904bc3-346e-4478-ba39-e25a79c64416}</UniqueIdentifier>
    </Filter>
  </ItemGroup>
  <ItemGroup>
    <None Include="ReadMe.txt" />
    <None Include="(8)Tribes.txt">
      <Filter>Test Maps</Filter>
    </None>
    <None Include="Custom.txt">
      <Filter>Test Maps</Filter>
    </None>
    <None Include="(8)Primeval Isles.txt">
      <Filter>Test Maps</Filter>
    </None>
  </ItemGroup>
  <ItemGroup>
    <ClInclude Include="stdafx.h">
      <Filter>Header Files</Filter>
    </ClInclude>
    <ClInclude Include="targetver.h">
      <Filter>Header Files</Filter>
    </ClInclude>
    <ClInclude Include="..\include\SDL\begin_code.h">
      <Filter>SDL</Filter>
    </ClInclude>
    <ClInclude Include="..\include\SDL\close_code.h">
      <Filter>SDL</Filter>
    </ClInclude>
    <ClInclude Include="..\include\SDL\SDL.h">
      <Filter>SDL</Filter>
    </ClInclude>
    <ClInclude Include="..\include\SDL\SDL_active.h">
      <Filter>SDL</Filter>
    </ClInclude>
    <ClInclude Include="..\include\SDL\SDL_audio.h">
      <Filter>SDL</Filter>
    </ClInclude>
    <ClInclude Include="..\include\SDL\SDL_byteorder.h">
      <Filter>SDL</Filter>
    </ClInclude>
    <ClInclude Include="..\include\SDL\SDL_cdrom.h">
      <Filter>SDL</Filter>
    </ClInclude>
    <ClInclude Include="..\include\SDL\SDL_config.h">
      <Filter>SDL</Filter>
    </ClInclude>
    <ClInclude Include="..\include\SDL\SDL_copying.h">
      <Filter>SDL</Filter>
    </ClInclude>
    <ClInclude Include="..\include\SDL\SDL_cpuinfo.h">
      <Filter>SDL</Filter>
    </ClInclude>
    <ClInclude Include="..\include\SDL\SDL_endian.h">
      <Filter>SDL</Filter>
    </ClInclude>
    <ClInclude Include="..\include\SDL\SDL_error.h">
      <Filter>SDL</Filter>
    </ClInclude>
    <ClInclude Include="..\include\SDL\SDL_events.h">
      <Filter>SDL</Filter>
    </ClInclude>
    <ClInclude Include="..\include\SDL\SDL_getenv.h">
      <Filter>SDL</Filter>
    </ClInclude>
    <ClInclude Include="..\include\SDL\SDL_joystick.h">
      <Filter>SDL</Filter>
    </ClInclude>
    <ClInclude Include="..\include\SDL\SDL_keyboard.h">
      <Filter>SDL</Filter>
    </ClInclude>
    <ClInclude Include="..\include\SDL\SDL_keysym.h">
      <Filter>SDL</Filter>
    </ClInclude>
    <ClInclude Include="..\include\SDL\SDL_loadso.h">
      <Filter>SDL</Filter>
    </ClInclude>
    <ClInclude Include="..\include\SDL\SDL_main.h">
      <Filter>SDL</Filter>
    </ClInclude>
    <ClInclude Include="..\include\SDL\SDL_mouse.h">
      <Filter>SDL</Filter>
    </ClInclude>
    <ClInclude Include="..\include\SDL\SDL_mutex.h">
      <Filter>SDL</Filter>
    </ClInclude>
    <ClInclude Include="..\include\SDL\SDL_name.h">
      <Filter>SDL</Filter>
    </ClInclude>
    <ClInclude Include="..\include\SDL\SDL_opengl.h">
      <Filter>SDL</Filter>
    </ClInclude>
    <ClInclude Include="..\include\SDL\SDL_platform.h">
      <Filter>SDL</Filter>
    </ClInclude>
    <ClInclude Include="..\include\SDL\SDL_quit.h">
      <Filter>SDL</Filter>
    </ClInclude>
    <ClInclude Include="..\include\SDL\SDL_rwops.h">
      <Filter>SDL</Filter>
    </ClInclude>
    <ClInclude Include="..\include\SDL\SDL_stdinc.h">
      <Filter>SDL</Filter>
    </ClInclude>
    <ClInclude Include="..\include\SDL\SDL_syswm.h">
      <Filter>SDL</Filter>
    </ClInclude>
    <ClInclude Include="..\include\SDL\SDL_thread.h">
      <Filter>SDL</Filter>
    </ClInclude>
    <ClInclude Include="..\include\SDL\SDL_timer.h">
      <Filter>SDL</Filter>
    </ClInclude>
    <ClInclude Include="..\include\SDL\SDL_types.h">
      <Filter>SDL</Filter>
    </ClInclude>
    <ClInclude Include="..\include\SDL\SDL_version.h">
      <Filter>SDL</Filter>
    </ClInclude>
    <ClInclude Include="..\include\SDL\SDL_video.h">
      <Filter>SDL</Filter>
    </ClInclude>
  </ItemGroup>
  <ItemGroup>
    <ClCompile Include="stdafx.cpp">
      <Filter>Source Files</Filter>
    </ClCompile>
    <ClCompile Include="Soar-SC-Rectilinear.cpp">
      <Filter>Source Files</Filter>
    </ClCompile>
  </ItemGroup>
</Project>